github.com/EKI-INDRADI/63-golang-modules-go-say-hello v1.0.0 h1:6ctnliMNpwWYkaAJh2HUoQ2nmjhIuNoprYIIMo6QYL8=
github.com/EKI-INDRADI/63-golang-modules-go-say-hello v1.0.0/go.mod h1:EqbKCNntK/49/r5v2thpprpZVvE9lE4lGQFdZQGo/Yg=
github.com/EKI-INDRADI/63-golang-modules-go-say-hello v1.5.0 h1:nACURlp8b0AKsaZKOt5VYGJmgHum5ckMYq16bQGjRT8=
github.com/EKI-INDRADI/63-golang-modules-go-say-hello v1.5.0/go.mod h1:EqbKCNntK/49/r5v2thpprpZVvE9lE4lGQFdZQGo/Yg=
